
Microsoft Visual Studio Solution File, Format Version 12.00
# Visual Studio Version 16
VisualStudioVersion = 16.0.29021.104
MinimumVisualStudioVersion = 10.0.40219.1
Project("{9A19103F-16F7-4668-BE54-9A1E7A4F7556}") = "TimeTrackerEtf", "src\TimeTrackerEtf\TimeTrackerEtf.csproj", "{9D3C5421-51AA-4B87-9C16-EF1309F568CF}"
EndProject
Project("{FAE04EC0-301F-11D3-BF4B-00C04F79EFBC}") = "TimeTrackerEtf.Tests", "src\TimeTrackerEtf.Tests\TimeTrackerEtf.Tests.csproj", "{658BE8ED-0888-41A5-BDFD-BD2988C9177E}"
EndProject
Global
	GlobalSection(SolutionConfigurationPlatforms) = preSolution
		Debug|Any CPU = Debug|Any CPU
		Release|Any CPU = Release|Any CPU
	EndGlobalSection
	GlobalSection(ProjectConfigurationPlatforms) = postSolution
		{9D3C5421-51AA-4B87-9C16-EF1309F568CF}.Debug|Any CPU.ActiveCfg = Debug|Any CPU
		{9D3C5421-51AA-4B87-9C16-EF1309F568CF}.Debug|Any CPU.Build.0 = Debug|Any CPU
		{9D3C5421-51AA-4B87-9C16-EF1309F568CF}.Release|Any CPU.ActiveCfg = Release|Any CPU
		{9D3C5421-51AA-4B87-9C16-EF1309F568CF}.Release|Any CPU.Build.0 = Release|Any CPU
		{658BE8ED-0888-41A5-BDFD-BD2988C9177E}.Debug|Any CPU.ActiveCfg = Debug|Any CPU
		{658BE8ED-0888-41A5-BDFD-BD2988C9177E}.Debug|Any CPU.Build.0 = Debug|Any CPU
		{658BE8ED-0888-41A5-BDFD-BD2988C9177E}.Release|Any CPU.ActiveCfg = Release|Any CPU
		{658BE8ED-0888-41A5-BDFD-BD2988C9177E}.Release|Any CPU.Build.0 = Release|Any CPU
	EndGlobalSection
	GlobalSection(SolutionProperties) = preSolution
		HideSolutionNode = FALSE
	EndGlobalSection
	GlobalSection(ExtensibilityGlobals) = postSolution
		SolutionGuid = {3FE2D832-9863-4836-8FD2-FCA581D2F5E2}
	EndGlobalSection
EndGlobal
